
Microsoft Visual Studio Solution File, Format Version 12.00
# Visual Studio Version 17
VisualStudioVersion = 17.7.34221.43
MinimumVisualStudioVersion = 10.0.40219.1
Project("{FAE04EC0-301F-11D3-BF4B-00C04F79EFBC}") = "ArvaaLukuPeli", "ArvaaLukuPeli\ArvaaLukuPeli.csproj", "{FEF59DA8-FF6D-41C5-AD35-691C9A433DE0}"
EndProject
Global
	GlobalSection(SolutionConfigurationPlatforms) = preSolution
		Debug|Any CPU = Debug|Any CPU
		Release|Any CPU = Release|Any CPU
	EndGlobalSection
	GlobalSection(ProjectConfigurationPlatforms) = postSolution
		{FEF59DA8-FF6D-41C5-AD35-691C9A433DE0}.Debug|Any CPU.ActiveCfg = Debug|Any CPU
		{FEF59DA8-FF6D-41C5-AD35-691C9A433DE0}.Debug|Any CPU.Build.0 = Debug|Any CPU
		{FEF59DA8-FF6D-41C5-AD35-691C9A433DE0}.Release|Any CPU.ActiveCfg = Release|Any CPU
		{FEF59DA8-FF6D-41C5-AD35-691C9A433DE0}.Release|Any CPU.Build.0 = Release|Any CPU
	EndGlobalSection
	GlobalSection(SolutionProperties) = preSolution
		HideSolutionNode = FALSE
	EndGlobalSection
	GlobalSection(ExtensibilityGlobals) = postSolution
		SolutionGuid = {95DDF8D4-90A0-4B44-BC1C-EEE12B643D96}
	EndGlobalSection
EndGlobal
