
Microsoft Visual Studio Solution File, Format Version 12.00
# Visual Studio Version 17
VisualStudioVersion = 17.7.34221.43
MinimumVisualStudioVersion = 10.0.40219.1
Project("{9A19103F-16F7-4668-BE54-9A1E7A4F7556}") = "RefaktorointiDemo", "RefaktorointiDemo.csproj", "{EA7CBF99-5C7A-4AE9-81B0-1B52B0C02FED}"
EndProject
Global
	GlobalSection(SolutionConfigurationPlatforms) = preSolution
		Debug|Any CPU = Debug|Any CPU
		Release|Any CPU = Release|Any CPU
	EndGlobalSection
	GlobalSection(ProjectConfigurationPlatforms) = postSolution
		{EA7CBF99-5C7A-4AE9-81B0-1B52B0C02FED}.Debug|Any CPU.ActiveCfg = Debug|Any CPU
		{EA7CBF99-5C7A-4AE9-81B0-1B52B0C02FED}.Debug|Any CPU.Build.0 = Debug|Any CPU
		{EA7CBF99-5C7A-4AE9-81B0-1B52B0C02FED}.Release|Any CPU.ActiveCfg = Release|Any CPU
		{EA7CBF99-5C7A-4AE9-81B0-1B52B0C02FED}.Release|Any CPU.Build.0 = Release|Any CPU
	EndGlobalSection
	GlobalSection(SolutionProperties) = preSolution
		HideSolutionNode = FALSE
	EndGlobalSection
	GlobalSection(ExtensibilityGlobals) = postSolution
		SolutionGuid = {EC75A811-C075-4B00-AB13-05B61F3E6F20}
	EndGlobalSection
EndGlobal
